
Microsoft Visual Studio Solution File, Format Version 12.00
# Visual Studio 15
VisualStudioVersion = 15.0.28307.1525
MinimumVisualStudioVersion = 10.0.40219.1
Project("{FAE04EC0-301F-11D3-BF4B-00C04F79EFBC}") = "yourDoctor", "yourDoctor\yourDoctor.csproj", "{9B182872-87CA-4345-AE2B-7EBCE832C0FD}"
EndProject
Global
	GlobalSection(SolutionConfigurationPlatforms) = preSolution
		Debug|Any CPU = Debug|Any CPU
		Release|Any CPU = Release|Any CPU
	EndGlobalSection
	GlobalSection(ProjectConfigurationPlatforms) = postSolution
		{9B182872-87CA-4345-AE2B-7EBCE832C0FD}.Debug|Any CPU.ActiveCfg = Debug|Any CPU
		{9B182872-87CA-4345-AE2B-7EBCE832C0FD}.Debug|Any CPU.Build.0 = Debug|Any CPU
		{9B182872-87CA-4345-AE2B-7EBCE832C0FD}.Release|Any CPU.ActiveCfg = Release|Any CPU
		{9B182872-87CA-4345-AE2B-7EBCE832C0FD}.Release|Any CPU.Build.0 = Release|Any CPU
	EndGlobalSection
	GlobalSection(SolutionProperties) = preSolution
		HideSolutionNode = FALSE
	EndGlobalSection
	GlobalSection(ExtensibilityGlobals) = postSolution
		SolutionGuid = {087B0904-B8F7-4ABA-8BAE-C8200FB8D814}
	EndGlobalSection
EndGlobal
